
Microsoft Visual Studio Solution File, Format Version 12.00
# Visual Studio Version 17
VisualStudioVersion = 17.3.32825.248
MinimumVisualStudioVersion = 10.0.40219.1
Project("{FAE04EC0-301F-11D3-BF4B-00C04F79EFBC}") = "Number-Analyzer", "Number-Analyzer\Number-Analyzer.csproj", "{EC8BDB31-8F83-48CE-9B65-16072BEE1188}"
EndProject
Global
	GlobalSection(SolutionConfigurationPlatforms) = preSolution
		Debug|Any CPU = Debug|Any CPU
		Release|Any CPU = Release|Any CPU
	EndGlobalSection
	GlobalSection(ProjectConfigurationPlatforms) = postSolution
		{EC8BDB31-8F83-48CE-9B65-16072BEE1188}.Debug|Any CPU.ActiveCfg = Debug|Any CPU
		{EC8BDB31-8F83-48CE-9B65-16072BEE1188}.Debug|Any CPU.Build.0 = Debug|Any CPU
		{EC8BDB31-8F83-48CE-9B65-16072BEE1188}.Release|Any CPU.ActiveCfg = Release|Any CPU
		{EC8BDB31-8F83-48CE-9B65-16072BEE1188}.Release|Any CPU.Build.0 = Release|Any CPU
	EndGlobalSection
	GlobalSection(SolutionProperties) = preSolution
		HideSolutionNode = FALSE
	EndGlobalSection
	GlobalSection(ExtensibilityGlobals) = postSolution
		SolutionGuid = {765798DB-8782-4909-B98E-E3B7CFC01695}
	EndGlobalSection
EndGlobal
